
Microsoft Visual Studio Solution File, Format Version 12.00
# Visual Studio Version 17
VisualStudioVersion = 17.14.36518.9 d17.14
MinimumVisualStudioVersion = 10.0.40219.1
Project("{FAE04EC0-301F-11D3-BF4B-00C04F79EFBC}") = "ConsoleApp1", "ConsoleApp1\ConsoleApp1.csproj", "{F386C5D9-1905-40AA-824D-C51B385252EE}"
EndProject
Global
	GlobalSection(SolutionConfigurationPlatforms) = preSolution
		Debug|Any CPU = Debug|Any CPU
		Release|Any CPU = Release|Any CPU
	EndGlobalSection
	GlobalSection(ProjectConfigurationPlatforms) = postSolution
		{F386C5D9-1905-40AA-824D-C51B385252EE}.Debug|Any CPU.ActiveCfg = Debug|Any CPU
		{F386C5D9-1905-40AA-824D-C51B385252EE}.Debug|Any CPU.Build.0 = Debug|Any CPU
		{F386C5D9-1905-40AA-824D-C51B385252EE}.Release|Any CPU.ActiveCfg = Release|Any CPU
		{F386C5D9-1905-40AA-824D-C51B385252EE}.Release|Any CPU.Build.0 = Release|Any CPU
	EndGlobalSection
	GlobalSection(SolutionProperties) = preSolution
		HideSolutionNode = FALSE
	EndGlobalSection
	GlobalSection(ExtensibilityGlobals) = postSolution
		SolutionGuid = {9776C902-752C-47C5-AE7E-0E72A65C2D6A}
	EndGlobalSection
EndGlobal
